// !$*UTF8*$!
{
	archiveVersion = 1;
	classes = {
	};
	objectVersion = 46;
	objects = {

/* Begin PBXBuildFile section */
		447366011C3BA19100A2F238 /* main.m in Sources */ = {isa = PBXBuildFile; fileRef = 447366001C3BA19100A2F238 /* main.m */; };
		447366041C3BA19100A2F238 /* AppDelegate.m in Sources */ = {isa = PBXBuildFile; fileRef = 447366031C3BA19100A2F238 /* AppDelegate.m */; };
		447366071C3BA19100A2F238 /* ViewController.m in Sources */ = {isa = PBXBuildFile; fileRef = 447366061C3BA19100A2F238 /* ViewController.m */; };
		4473660A1C3BA19100A2F238 /* Main.storyboard in Resources */ = {isa = PBXBuildFile; fileRef = 447366081C3BA19100A2F238 /* Main.storyboard */; };
		4473660C1C3BA19100A2F238 /* Assets.xcassets in Resources */ = {isa = PBXBuildFile; fileRef = 4473660B1C3BA19100A2F238 /* Assets.xcassets */; };
		4473660F1C3BA19100A2F238 /* LaunchScreen.storyboard in Resources */ = {isa = PBXBuildFile; fileRef = 4473660D1C3BA19100A2F238 /* LaunchScreen.storyboard */; };
		447366431C3BD21C00A2F238 /* UIFont+YYAdd.m in Sources */ = {isa = PBXBuildFile; fileRef = 447366421C3BD21C00A2F238 /* UIFont+YYAdd.m */; };
		448239131C45F010009957CE /* RatingBar.m in Sources */ = {isa = PBXBuildFile; fileRef = 448239121C45F010009957CE /* RatingBar.m */; };
/* End PBXBuildFile section */

/* Begin PBXFileReference section */
		447365FC1C3BA19100A2F238 /* test.app */ = {isa = PBXFileReference; explicitFileType = wrapper.application; includeInIndex = 0; path = test.app; sourceTree = BUILT_PRODUCTS_DIR; };
		447366001C3BA19100A2F238 /* main.m */ = {isa = PBXFileReference; lastKnownFileType = sourcecode.c.objc; path = main.m; sourceTree = "<group>"; };
		447366021C3BA19100A2F238 /* AppDelegate.h */ = {isa = PBXFileReference; lastKnownFileType = sourcecode.c.h; path = AppDelegate.h; sourceTree = "<group>"; };
		447366031C3BA19100A2F238 /* AppDelegate.m */ = {isa = PBXFileReference; lastKnownFileType = sourcecode.c.objc; path = AppDelegate.m; sourceTree = "<group>"; };
		447366051C3BA19100A2F238 /* ViewController.h */ = {isa = PBXFileReference; lastKnownFileType = sourcecode.c.h; path = ViewController.h; sourceTree = "<group>"; };
		447366061C3BA19100A2F238 /* ViewController.m */ = {isa = PBXFileReference; lastKnownFileType = sourcecode.c.objc; path = ViewController.m; sourceTree = "<group>"; };
		447366091C3BA19100A2F238 /* Base */ = {isa = PBXFileReference; lastKnownFileType = file.storyboard; name = Base; path = Base.lproj/Main.storyboard; sourceTree = "<group>"; };
		4473660B1C3BA19100A2F238 /* Assets.xcassets */ = {isa = PBXFileReference; lastKnownFileType = folder.assetcatalog; path = Assets.xcassets; sourceTree = "<group>"; };
		4473660E1C3BA19100A2F238 /* Base */ = {isa = PBXFileReference; lastKnownFileType = file.storyboard; name = Base; path = Base.lproj/LaunchScreen.storyboard; sourceTree = "<group>"; };
		447366101C3BA19100A2F238 /* Info.plist */ = {isa = PBXFileReference; lastKnownFileType = text.plist.xml; path = Info.plist; sourceTree = "<group>"; };
		447366411C3BD21C00A2F238 /* UIFont+YYAdd.h */ = {isa = PBXFileReference; fileEncoding = 4; lastKnownFileType = sourcecode.c.h; path = "UIFont+YYAdd.h"; sourceTree = "<group>"; };
		447366421C3BD21C00A2F238 /* UIFont+YYAdd.m */ = {isa = PBXFileReference; fileEncoding = 4; lastKnownFileType = sourcecode.c.objc; path = "UIFont+YYAdd.m"; sourceTree = "<group>"; };
		448239111C45F010009957CE /* RatingBar.h */ = {isa = PBXFileReference; fileEncoding = 4; lastKnownFileType = sourcecode.c.h; path = RatingBar.h; sourceTree = "<group>"; };
		448239121C45F010009957CE /* RatingBar.m */ = {isa = PBXFileReference; fileEncoding = 4; lastKnownFileType = sourcecode.c.objc; path = RatingBar.m; sourceTree = "<group>"; };
/* End PBXFileReference section */

/* Begin PBXFrameworksBuildPhase section */
		447365F91C3BA19100A2F238 /* Frameworks */ = {
			isa = PBXFrameworksBuildPhase;
			buildActionMask = 2147483647;
			files = (
			);
			runOnlyForDeploymentPostprocessing = 0;
		};
/* End PBXFrameworksBuildPhase section */

/* Begin PBXGroup section */
		447365F31C3BA19100A2F238 = {
			isa = PBXGroup;
			children = (
				447365FE1C3BA19100A2F238 /* test */,
				447365FD1C3BA19100A2F238 /* Products */,
			);
			sourceTree = "<group>";
		};
		447365FD1C3BA19100A2F238 /* Products */ = {
			isa = PBXGroup;
			children = (
				447365FC1C3BA19100A2F238 /* test.app */,
			);
			name = Products;
			sourceTree = "<group>";
		};
		447365FE1C3BA19100A2F238 /* test */ = {
			isa = PBXGroup;
			children = (
				447366411C3BD21C00A2F238 /* UIFont+YYAdd.h */,
				447366421C3BD21C00A2F238 /* UIFont+YYAdd.m */,
				447366021C3BA19100A2F238 /* AppDelegate.h */,
				447366031C3BA19100A2F238 /* AppDelegate.m */,
				447366051C3BA19100A2F238 /* ViewController.h */,
				447366061C3BA19100A2F238 /* ViewController.m */,
				448239111C45F010009957CE /* RatingBar.h */,
				448239121C45F010009957CE /* RatingBar.m */,
				447366081C3BA19100A2F238 /* Main.storyboard */,
				4473660B1C3BA19100A2F238 /* Assets.xcassets */,
				4473660D1C3BA19100A2F238 /* LaunchScreen.storyboard */,
				447366101C3BA19100A2F238 /* Info.plist */,
				447365FF1C3BA19100A2F238 /* Supporting Files */,
			);
			path = test;
			sourceTree = "<group>";
		};
		447365FF1C3BA19100A2F238 /* Supporting Files */ = {
			isa = PBXGroup;
			children = (
				447366001C3BA19100A2F238 /* main.m */,
			);
			name = "Supporting Files";
			sourceTree = "<group>";
		};
/* End PBXGroup section */

/* Begin PBXNativeTarget section */
		447365FB1C3BA19100A2F238 /* test */ = {
			isa = PBXNativeTarget;
			buildConfigurationList = 447366131C3BA19100A2F238 /* Build configuration list for PBXNativeTarget "test" */;
			buildPhases = (
				447365F81C3BA19100A2F238 /* Sources */,
				447365F91C3BA19100A2F238 /* Frameworks */,
				447365FA1C3BA19100A2F238 /* Resources */,
			);
			buildRules = (
			);
			dependencies = (
			);
			name = test;
			productName = test;
			productReference = 447365FC1C3BA19100A2F238 /* test.app */;
			productType = "com.apple.product-type.application";
		};
/* End PBXNativeTarget section */

/* Begin PBXProject section */
		447365F41C3BA19100A2F238 /* Project object */ = {
			isa = PBXProject;
			attributes = {
				LastUpgradeCheck = 0720;
				ORGANIZATIONNAME = Shaun;
				TargetAttributes = {
					447365FB1C3BA19100A2F238 = {
						CreatedOnToolsVersion = 7.2;
					};
				};
			};
			buildConfigurationList = 447365F71C3BA19100A2F238 /* Build configuration list for PBXProject "test" */;
			compatibilityVersion = "Xcode 3.2";
			developmentRegion = English;
			hasScannedForEncodings = 0;
			knownRegions = (
				en,
				Base,
			);
			mainGroup = 447365F31C3BA19100A2F238;
			productRefGroup = 447365FD1C3BA19100A2F238 /* Products */;
			projectDirPath = "";
			projectRoot = "";
			targets = (
				447365FB1C3BA19100A2F238 /* test */,
			);
		};
/* End PBXProject section */

/* Begin PBXResourcesBuildPhase section */
		447365FA1C3BA19100A2F238 /* Resources */ = {
			isa = PBXResourcesBuildPhase;
			buildActionMask = 2147483647;
			files = (
				4473660F1C3BA19100A2F238 /* LaunchScreen.storyboard in Resources */,
				4473660C1C3BA19100A2F238 /* Assets.xcassets in Resources */,
				4473660A1C3BA19100A2F238 /* Main.storyboard in Resources */,
			);
			runOnlyForDeploymentPostprocessing = 0;
		};
/* End PBXResourcesBuildPhase section */

/* Begin PBXSourcesBuildPhase section */
		447365F81C3BA19100A2F238 /* Sources */ = {
			isa = PBXSourcesBuildPhase;
			buildActionMask = 2147483647;
			files = (
				447366071C3BA19100A2F238 /* ViewController.m in Sources */,
				447366041C3BA19100A2F238 /* AppDelegate.m in Sources */,
				448239131C45F010009957CE /* RatingBar.m in Sources */,
				447366431C3BD21C00A2F238 /* UIFont+YYAdd.m in Sources */,
				447366011C3BA19100A2F238 /* main.m in Sources */,
			);
			runOnlyForDeploymentPostprocessing = 0;
		};
/* End PBXSourcesBuildPhase section */

/* Begin PBXVariantGroup section */
		447366081C3BA19100A2F238 /* Main.storyboard */ = {
			isa = PBXVariantGroup;
			children = (
				447366091C3BA19100A2F238 /* Base */,
			);
			name = Main.storyboard;
			sourceTree = "<group>";
		};
		4473660D1C3BA19100A2F238 /* LaunchScreen.storyboard */ = {
			isa = PBXVariantGroup;
			children = (
				4473660E1C3BA19100A2F238 /* Base */,
			);
			name = LaunchScreen.storyboard;
			sourceTree = "<group>";
		};
/* End PBXVariantGroup section */

/* Begin XCBuildConfiguration section */
		447366111C3BA19100A2F238 /* Debug */ = {
			isa = XCBuildConfiguration;
			buildSettings = {
				ALWAYS_SEARCH_USER_PATHS = NO;
				CLANG_CXX_LANGUAGE_STANDARD = "gnu++0x";
				CLANG_CXX_LIBRARY = "libc++";
				CLANG_ENABLE_MODULES = YES;
				CLANG_ENABLE_OBJC_ARC = YES;
				CLANG_WARN_BOOL_CONVERSION = YES;
				CLANG_WARN_CONSTANT_CONVERSION = YES;
				CLANG_WARN_DIRECT_OBJC_ISA_USAGE = YES_ERROR;
				CLANG_WARN_EMPTY_BODY = YES;
				CLANG_WARN_ENUM_CONVERSION = YES;
				CLANG_WARN_INT_CONVERSION = YES;
				CLANG_WARN_OBJC_ROOT_CLASS = YES_ERROR;
				CLANG_WARN_UNREACHABLE_CODE = YES;
				CLANG_WARN__DUPLICATE_METHOD_MATCH = YES;
				"CODE_SIGN_IDENTITY[sdk=iphoneos*]" = "iPhone Developer";
				COPY_PHASE_STRIP = NO;
				DEBUG_INFORMATION_FORMAT = dwarf;
				ENABLE_STRICT_OBJC_MSGSEND = YES;
				ENABLE_TESTABILITY = YES;
				GCC_C_LANGUAGE_STANDARD = gnu99;
				GCC_DYNAMIC_NO_PIC = NO;
				GCC_NO_COMMON_BLOCKS = YES;
				GCC_OPTIMIZATION_LEVEL = 0;
				GCC_PREPROCESSOR_DEFINITIONS = (
					"DEBUG=1",
					"$(inherited)",
				);
				GCC_WARN_64_TO_32_BIT_CONVERSION = YES;
				GCC_WARN_ABOUT_RETURN_TYPE = YES_ERROR;
				GCC_WARN_UNDECLARED_SELECTOR = YES;
				GCC_WARN_UNINITIALIZED_AUTOS = YES_AGGRESSIVE;
				GCC_WARN_UNUSED_FUNCTION = YES;
				GCC_WARN_UNUSED_VARIABLE = YES;
				IPHONEOS_DEPLOYMENT_TARGET = 9.2;
				MTL_ENABLE_DEBUG_INFO = YES;
				ONLY_ACTIVE_ARCH = YES;
				SDKROOT = iphoneos;
				TARGETED_DEVICE_FAMILY = "1,2";
			};
			name = Debug;
		};
		447366121C3BA19100A2F238 /* Release */ = {
			isa = XCBuildConfiguration;
			buildSettings = {
				ALWAYS_SEARCH_USER_PATHS = NO;
				CLANG_CXX_LANGUAGE_STANDARD = "gnu++0x";
				CLANG_CXX_LIBRARY = "libc++";
				CLANG_ENABLE_MODULES = YES;
				CLANG_ENABLE_OBJC_ARC = YES;
				CLANG_WARN_BOOL_CONVERSION = YES;
				CLANG_WARN_CONSTANT_CONVERSION = YES;
				CLANG_WARN_DIRECT_OBJC_ISA_USAGE = YES_ERROR;
				CLANG_WARN_EMPTY_BODY = YES;
				CLANG_WARN_ENUM_CONVERSION = YES;
				CLANG_WARN_INT_CONVERSION = YES;
				CLANG_WARN_OBJC_ROOT_CLASS = YES_ERROR;
				CLANG_WARN_UNREACHABLE_CODE = YES;
				CLANG_WARN__DUPLICATE_METHOD_MATCH = YES;
				"CODE_SIGN_IDENTITY[sdk=iphoneos*]" = "iPhone Developer";
				COPY_PHASE_STRIP = NO;
				DEBUG_INFORMATION_FORMAT = "dwarf-with-dsym";
				ENABLE_NS_ASSERTIONS = NO;
				ENABLE_STRICT_OBJC_MSGSEND = YES;
				GCC_C_LANGUAGE_STANDARD = gnu99;
				GCC_NO_COMMON_BLOCKS = YES;
				GCC_WARN_64_TO_32_BIT_CONVERSION = YES;
				GCC_WARN_ABOUT_RETURN_TYPE = YES_ERROR;
				GCC_WARN_UNDECLARED_SELECTOR = YES;
				GCC_WARN_UNINITIALIZED_AUTOS = YES_AGGRESSIVE;
				GCC_WARN_UNUSED_FUNCTION = YES;
				GCC_WARN_UNUSED_VARIABLE = YES;
				IPHONEOS_DEPLOYMENT_TARGET = 9.2;
				MTL_ENABLE_DEBUG_INFO = NO;
				SDKROOT = iphoneos;
				TARGETED_DEVICE_FAMILY = "1,2";
				VALIDATE_PRODUCT = YES;
			};
			name = Release;
		};
		447366141C3BA19100A2F238 /* Debug */ = {
			isa = XCBuildConfiguration;
			buildSettings = {
				ASSETCATALOG_COMPILER_APPICON_NAME = AppIcon;
				FRAMEWORK_SEARCH_PATHS = (
					"$(inherited)",
					"$(PROJECT_DIR)/test",
				);
				INFOPLIST_FILE = test/Info.plist;
				LD_RUNPATH_SEARCH_PATHS = "$(inherited) @executable_path/Frameworks";
				PRODUCT_BUNDLE_IDENTIFIER = smartshanghai.test;
				PRODUCT_NAME = "$(TARGET_NAME)";
			};
			name = Debug;
		};
		447366151C3BA19100A2F238 /* Release */ = {
			isa = XCBuildConfiguration;
			buildSettings = {
				ASSETCATALOG_COMPILER_APPICON_NAME = AppIcon;
				FRAMEWORK_SEARCH_PATHS = (
					"$(inherited)",
					"$(PROJECT_DIR)/test",
				);
				INFOPLIST_FILE = test/Info.plist;
				LD_RUNPATH_SEARCH_PATHS = "$(inherited) @executable_path/Frameworks";
				PRODUCT_BUNDLE_IDENTIFIER = smartshanghai.test;
				PRODUCT_NAME = "$(TARGET_NAME)";
			};
			name = Release;
		};
/* End XCBuildConfiguration section */

/* Begin XCConfigurationList section */
		447365F71C3BA19100A2F238 /* Build configuration list for PBXProject "test" */ = {
			isa = XCConfigurationList;
			buildConfigurations = (
				447366111C3BA19100A2F238 /* Debug */,
				447366121C3BA19100A2F238 /* Release */,
			);
			defaultConfigurationIsVisible = 0;
			defaultConfigurationName = Release;
		};
		447366131C3BA19100A2F238 /* Build configuration list for PBXNativeTarget "test" */ = {
			isa = XCConfigurationList;
			buildConfigurations = (
				447366141C3BA19100A2F238 /* Debug */,
				447366151C3BA19100A2F238 /* Release */,
			);
			defaultConfigurationIsVisible = 0;
			defaultConfigurationName = Release;
		};
/* End XCConfigurationList section */
	};
	rootObject = 447365F41C3BA19100A2F238 /* Project object */;
}
